
Microsoft Visual Studio Solution File, Format Version 12.00
# Visual Studio Version 16
VisualStudioVersion = 16.0.30523.141
MinimumVisualStudioVersion = 10.0.40219.1
Project("{FAE04EC0-301F-11D3-BF4B-00C04F79EFBC}") = "DotNetCoreSpecFlowTemplate_GitHub", "DotNetCoreSpecFlowTemplate_GitHub\DotNetCoreSpecFlowTemplate_GitHub.csproj", "{1CFC8D20-913A-4D38-A2F9-A86213B5018B}"
EndProject
Global
	GlobalSection(SolutionConfigurationPlatforms) = preSolution
		Debug|Any CPU = Debug|Any CPU
		Release|Any CPU = Release|Any CPU
	EndGlobalSection
	GlobalSection(ProjectConfigurationPlatforms) = postSolution
		{1CFC8D20-913A-4D38-A2F9-A86213B5018B}.Debug|Any CPU.ActiveCfg = Debug|Any CPU
		{1CFC8D20-913A-4D38-A2F9-A86213B5018B}.Debug|Any CPU.Build.0 = Debug|Any CPU
		{1CFC8D20-913A-4D38-A2F9-A86213B5018B}.Release|Any CPU.ActiveCfg = Release|Any CPU
		{1CFC8D20-913A-4D38-A2F9-A86213B5018B}.Release|Any CPU.Build.0 = Release|Any CPU
	EndGlobalSection
	GlobalSection(SolutionProperties) = preSolution
		HideSolutionNode = FALSE
	EndGlobalSection
	GlobalSection(ExtensibilityGlobals) = postSolution
		SolutionGuid = {496C0F8C-FE8D-48F1-9DB7-CA13CEA2EDAA}
	EndGlobalSection
EndGlobal
